
Microsoft Visual Studio Solution File, Format Version 12.00
# Visual Studio 15
VisualStudioVersion = 15.0.27703.2018
MinimumVisualStudioVersion = 10.0.40219.1
Project("{9A19103F-16F7-4668-BE54-9A1E7A4F7556}") = "FunctionEventPoC.Functions", "FunctionEventPoC.Functions\FunctionEventPoC.Functions.csproj", "{F5392F6A-FF37-4F74-98D2-3C45AD511662}"
EndProject
Project("{FAE04EC0-301F-11D3-BF4B-00C04F79EFBC}") = "FunctionEventPoC.App", "FunctionEventPoC.App\FunctionEventPoC.App.csproj", "{D239E2B5-B5DE-4034-9825-962558719F6E}"
EndProject
Project("{FAE04EC0-301F-11D3-BF4B-00C04F79EFBC}") = "FunctionEventPoC.API", "FunctionEventPoC.API\FunctionEventPoC.API.csproj", "{5613578A-F009-47CD-8802-259C63A33348}"
EndProject
Global
	GlobalSection(SolutionConfigurationPlatforms) = preSolution
		Debug|Any CPU = Debug|Any CPU
		Release|Any CPU = Release|Any CPU
	EndGlobalSection
	GlobalSection(ProjectConfigurationPlatforms) = postSolution
		{F5392F6A-FF37-4F74-98D2-3C45AD511662}.Debug|Any CPU.ActiveCfg = Debug|Any CPU
		{F5392F6A-FF37-4F74-98D2-3C45AD511662}.Debug|Any CPU.Build.0 = Debug|Any CPU
		{F5392F6A-FF37-4F74-98D2-3C45AD511662}.Release|Any CPU.ActiveCfg = Release|Any CPU
		{F5392F6A-FF37-4F74-98D2-3C45AD511662}.Release|Any CPU.Build.0 = Release|Any CPU
		{D239E2B5-B5DE-4034-9825-962558719F6E}.Debug|Any CPU.ActiveCfg = Debug|Any CPU
		{D239E2B5-B5DE-4034-9825-962558719F6E}.Debug|Any CPU.Build.0 = Debug|Any CPU
		{D239E2B5-B5DE-4034-9825-962558719F6E}.Release|Any CPU.ActiveCfg = Release|Any CPU
		{D239E2B5-B5DE-4034-9825-962558719F6E}.Release|Any CPU.Build.0 = Release|Any CPU
		{5613578A-F009-47CD-8802-259C63A33348}.Debug|Any CPU.ActiveCfg = Debug|Any CPU
		{5613578A-F009-47CD-8802-259C63A33348}.Debug|Any CPU.Build.0 = Debug|Any CPU
		{5613578A-F009-47CD-8802-259C63A33348}.Release|Any CPU.ActiveCfg = Release|Any CPU
		{5613578A-F009-47CD-8802-259C63A33348}.Release|Any CPU.Build.0 = Release|Any CPU
	EndGlobalSection
	GlobalSection(SolutionProperties) = preSolution
		HideSolutionNode = FALSE
	EndGlobalSection
	GlobalSection(ExtensibilityGlobals) = postSolution
		SolutionGuid = {1AE5167F-440E-4C3A-ACC1-B08B228E3010}
	EndGlobalSection
EndGlobal
